
Microsoft Visual Studio Solution File, Format Version 12.00
# Visual Studio Version 17
VisualStudioVersion = 17.13.35818.85 d17.13
MinimumVisualStudioVersion = 10.0.40219.1
Project("{FAE04EC0-301F-11D3-BF4B-00C04F79EFBC}") = "Fibonacci", "Fibonacci\Fibonacci.csproj", "{5138D001-1CC5-4462-9A04-9E3446AB5CDD}"
EndProject
Project("{FAE04EC0-301F-11D3-BF4B-00C04F79EFBC}") = "ConditionalProgram", "ConditionalProgram\ConditionalProgram\ConditionalProgram.csproj", "{24E9CDD6-75D2-42E3-B5EA-C862A3D6E7E1}"
EndProject
Project("{FAE04EC0-301F-11D3-BF4B-00C04F79EFBC}") = "Factorial", "Factorial\Factorial\Factorial.csproj", "{337DEB0B-46A0-472E-813C-98BC29EA3BEF}"
EndProject
Project("{FAE04EC0-301F-11D3-BF4B-00C04F79EFBC}") = "OOPsProject", "OOPsProject\OOPsProject.csproj", "{4B1CA3B6-C5FF-4584-8A08-0CABCA1F1D03}"
EndProject
Global
	GlobalSection(SolutionConfigurationPlatforms) = preSolution
		Debug|Any CPU = Debug|Any CPU
		Release|Any CPU = Release|Any CPU
	EndGlobalSection
	GlobalSection(ProjectConfigurationPlatforms) = postSolution
		{5138D001-1CC5-4462-9A04-9E3446AB5CDD}.Debug|Any CPU.ActiveCfg = Debug|Any CPU
		{5138D001-1CC5-4462-9A04-9E3446AB5CDD}.Debug|Any CPU.Build.0 = Debug|Any CPU
		{5138D001-1CC5-4462-9A04-9E3446AB5CDD}.Release|Any CPU.ActiveCfg = Release|Any CPU
		{5138D001-1CC5-4462-9A04-9E3446AB5CDD}.Release|Any CPU.Build.0 = Release|Any CPU
		{24E9CDD6-75D2-42E3-B5EA-C862A3D6E7E1}.Debug|Any CPU.ActiveCfg = Debug|Any CPU
		{24E9CDD6-75D2-42E3-B5EA-C862A3D6E7E1}.Debug|Any CPU.Build.0 = Debug|Any CPU
		{24E9CDD6-75D2-42E3-B5EA-C862A3D6E7E1}.Release|Any CPU.ActiveCfg = Release|Any CPU
		{24E9CDD6-75D2-42E3-B5EA-C862A3D6E7E1}.Release|Any CPU.Build.0 = Release|Any CPU
		{337DEB0B-46A0-472E-813C-98BC29EA3BEF}.Debug|Any CPU.ActiveCfg = Debug|Any CPU
		{337DEB0B-46A0-472E-813C-98BC29EA3BEF}.Debug|Any CPU.Build.0 = Debug|Any CPU
		{337DEB0B-46A0-472E-813C-98BC29EA3BEF}.Release|Any CPU.ActiveCfg = Release|Any CPU
		{337DEB0B-46A0-472E-813C-98BC29EA3BEF}.Release|Any CPU.Build.0 = Release|Any CPU
		{4B1CA3B6-C5FF-4584-8A08-0CABCA1F1D03}.Debug|Any CPU.ActiveCfg = Debug|Any CPU
		{4B1CA3B6-C5FF-4584-8A08-0CABCA1F1D03}.Debug|Any CPU.Build.0 = Debug|Any CPU
		{4B1CA3B6-C5FF-4584-8A08-0CABCA1F1D03}.Release|Any CPU.ActiveCfg = Release|Any CPU
		{4B1CA3B6-C5FF-4584-8A08-0CABCA1F1D03}.Release|Any CPU.Build.0 = Release|Any CPU
	EndGlobalSection
	GlobalSection(SolutionProperties) = preSolution
		HideSolutionNode = FALSE
	EndGlobalSection
	GlobalSection(ExtensibilityGlobals) = postSolution
		SolutionGuid = {8A95F100-C70C-4CF4-9D1C-D4AA91C53A9C}
	EndGlobalSection
EndGlobal
